hash: 802b3e153236034c990fe551f0dcc6aa6b28f6f1f3aa760941390518743b06db
updated: 2018-03-09T22:33:29.258566+01:00
imports:
- name: github.com/agl/ed25519
  version: 278e1ec8e8a6e017cd07577924d6766039146ced
  repo: https://github.com/agl/ed25519
  subpackages:
  - edwards25519
- name: github.com/davecgh/go-spew
  version: 5215b55f46b2b919f50a1df0eaa5886afe4e3b3d
  repo: https://github.com/davecgh/go-spew
  subpackages:
  - spew
- name: github.com/getsentry/raven-go
  version: c9d3cc542ad199f62c0264286be537f9bce6063c
  repo: https://github.com/getsentry/raven-go
- name: github.com/gin-contrib/cors
  version: cf4846e6a636a76237a28d9286f163c132e841bc
- name: github.com/gin-contrib/sse
  version: 22d885f9ecc78bf4ee5d72b937e4bbcdc58e8cae
- name: github.com/gin-gonic/gin
  version: d459835d2b077e44f7c9b453505ee29881d5d12d
  subpackages:
  - binding
  - render
- name: github.com/go-errors/errors
  version: a41850380601eeb43f4350f7d17c6bbd8944aaf8
  repo: https://github.com/go-errors/errors
- name: github.com/golang-migrate/migrate
  version: 22f249514de9aa3f8a720a7cabbdd45d294f83a1
  subpackages:
  - database
  - database/sqlite3
  - source
  - source/file
- name: github.com/golang/protobuf
  version: bbd03ef6da3a115852eaf24c8a1c46aeb39aa175
  subpackages:
  - proto
- name: github.com/jmoiron/sqlx
  version: cf35089a197953c69420c8d0cecda90809764b1d
  subpackages:
  - reflectx
- name: github.com/manucorporat/sse
  version: ee05b128a739a0fb76c7ebd3ae4810c1de808d6d
  repo: https://github.com/manucorporat/sse
- name: github.com/mattn/go-isatty
  version: 6ca4dbf54d38eea1a992b3c722a76a5d1c4cb25c
- name: github.com/mattn/go-sqlite3
  version: 6c771bb9887719704b210e87e934f08be014bdb1
- name: github.com/nullstyle/go-xdr
  version: a875e7c9fa2388ce03279f6b5ba1c2ccd1f9e917
  repo: https://github.com/nullstyle/go-xdr
  subpackages:
  - xdr3
- name: github.com/pkg/errors
  version: 645ef00459ed84a119197bfb8d8205042c6df63d
  repo: https://github.com/pkg/errors
- name: github.com/pmezard/go-difflib
  version: 792786c7400a136282c1664665ae0a8db921c6c2
  repo: https://github.com/pmezard/go-difflib
  subpackages:
  - difflib
- name: github.com/segmentio/go-loggly
  version: eb91657e62b25699dd4e84d5562735440d4beace
  repo: https://github.com/segmentio/go-loggly
- name: github.com/sirupsen/logrus
  version: 68cec9f21fbf3ea8d8f98c044bc6ce05f17b267a
  repo: https://github.com/sirupsen/logrus
  subpackages:
  - hooks/test
- name: github.com/stellar/go
  version: 40c8082c5bfcebca3a6e54fe4712912f91858add
  repo: https://github.com/chr4/go-stellar-sdk
  subpackages:
  - amount
  - build
  - clients/horizon
  - crc16
  - hash
  - keypair
  - network
  - price
  - strkey
  - support/errors
  - support/http/mutil
  - support/log
  - support/render/problem
  - xdr
- name: github.com/stretchr/objx
  version: 1a9d0bb9f541897e62256577b352fdbc1fb4fd94
  repo: https://github.com/stretchr/objx
- name: github.com/stretchr/testify
  version: 976c720a22c8eb4eb6a0b4348ad85ad12491a506
  repo: https://github.com/stretchr/testify
  subpackages:
  - assert
  - mock
  - require
- name: github.com/ugorji/go
  version: 02537d3a3e32ef636a53519265d211bd208ca488
  subpackages:
  - codec
- name: golang.org/x/net
  version: 9bc2a3340c92c17a20edcd0080e93851ed58f5d5
  subpackages:
  - context
- name: golang.org/x/sys
  version: 7dca6fe1f43775aa6d1334576870ff63f978f539
  subpackages:
  - unix
- name: gopkg.in/go-playground/validator.v8
  version: 5f1438d3fca68893a817e4a66806cea46a9e4ebf
- name: gopkg.in/yaml.v2
  version: 7ad95dd0798a40da1ccdff6dff35fd177b5edf40
  repo: https://gopkg.in/yaml.v2
testImports: []
